
Microsoft Visual Studio Solution File, Format Version 12.00
# Visual Studio 15
VisualStudioVersion = 15.0.27703.2000
MinimumVisualStudioVersion = 10.0.40219.1
Project("{FAE04EC0-301F-11D3-BF4B-00C04F79EFBC}") = "AngleLib", "AngleLib\AngleLib.csproj", "{60EDCBD5-6E1A-445D-94B6-4FC6812FB211}"
EndProject
Project("{FAE04EC0-301F-11D3-BF4B-00C04F79EFBC}") = "AngleLib_Test", "AngleLib_Test\AngleLib_Test.csproj", "{A6C438B1-8D27-4C4A-A08C-1C06D6416567}"
EndProject
Global
	GlobalSection(SolutionConfigurationPlatforms) = preSolution
		Debug|Any CPU = Debug|Any CPU
		Release|Any CPU = Release|Any CPU
	EndGlobalSection
	GlobalSection(ProjectConfigurationPlatforms) = postSolution
		{60EDCBD5-6E1A-445D-94B6-4FC6812FB211}.Debug|Any CPU.ActiveCfg = Debug|Any CPU
		{60EDCBD5-6E1A-445D-94B6-4FC6812FB211}.Debug|Any CPU.Build.0 = Debug|Any CPU
		{60EDCBD5-6E1A-445D-94B6-4FC6812FB211}.Release|Any CPU.ActiveCfg = Release|Any CPU
		{60EDCBD5-6E1A-445D-94B6-4FC6812FB211}.Release|Any CPU.Build.0 = Release|Any CPU
		{A6C438B1-8D27-4C4A-A08C-1C06D6416567}.Debug|Any CPU.ActiveCfg = Debug|Any CPU
		{A6C438B1-8D27-4C4A-A08C-1C06D6416567}.Debug|Any CPU.Build.0 = Debug|Any CPU
		{A6C438B1-8D27-4C4A-A08C-1C06D6416567}.Release|Any CPU.ActiveCfg = Release|Any CPU
		{A6C438B1-8D27-4C4A-A08C-1C06D6416567}.Release|Any CPU.Build.0 = Release|Any CPU
	EndGlobalSection
	GlobalSection(SolutionProperties) = preSolution
		HideSolutionNode = FALSE
	EndGlobalSection
	GlobalSection(ExtensibilityGlobals) = postSolution
		SolutionGuid = {72FA3A4E-9079-4723-80D3-E4922F8D7073}
	EndGlobalSection
EndGlobal
